{
  "name": "buildright-website",
  "version": "1.0.0",
  "lockfileVersion": 3,
  "requires": true,
  "packages": {
    "": {
      "name": "buildright-website",
      "version": "1.0.0",
      "license": "ISC",
      "dependencies": {
        "@phosphor-icons/react": "^2.1.10",
        "@phosphor-icons/web": "^2.1.2",
        "lucide-static": "^0.553.0",
        "phosphor-icons": "^1.4.2"
      }
    },
    "node_modules/@phosphor-icons/react": {
      "version": "2.1.10",
      "resolved": "https://registry.npmjs.org/@phosphor-icons/react/-/react-2.1.10.tgz",
      "integrity": "sha512-vt8Tvq8GLjheAZZYa+YG/pW7HDbov8El/MANW8pOAz4eGxrwhnbfrQZq0Cp4q8zBEu8NIhHdnr+r8thnfRSNYA==",
      "license": "MIT",
      "engines": {
        "node": ">=10"
      },
      "peerDependencies": {
        "react": ">= 16.8",
        "react-dom": ">= 16.8"
      }
    },
    "node_modules/@phosphor-icons/web": {
      "version": "2.1.2",
      "resolved": "https://registry.npmjs.org/@phosphor-icons/web/-/web-2.1.2.tgz",
      "integrity": "sha512-rPAR9o/bEcp4Cw4DEeZHXf+nlGCMNGkNDRizYHM47NLxz9vvEHp/Tt6FMK1NcWadzw/pFDPnRBGi/ofRya958A==",
      "license": "MIT"
    },
    "node_modules/lucide-static": {
      "version": "0.553.0",
      "resolved": "https://registry.npmjs.org/lucide-static/-/lucide-static-0.553.0.tgz",
      "integrity": "sha512-HzUDs6+Eq4Tm9N/EvzQT1YzV7rpLF3yn/WSWEw1RLb/yZwUvOo8+0BMIm1p2V+tGlwlcrLnSR9SpSinToNULGA==",
      "license": "ISC"
    },
    "node_modules/phosphor-icons": {
      "version": "1.4.2",
      "resolved": "https://registry.npmjs.org/phosphor-icons/-/phosphor-icons-1.4.2.tgz",
      "integrity": "sha512-vDyuRWLSEb87dxpoOGpP1GCjr/TFzA0Ljt0TtJcwXO7/iPdSZW0e/2m1jsANH1ML5ZyZXcjeWx6pzT0A0tgYDA==",
      "license": "MIT"
    },
    "node_modules/react": {
      "version": "19.2.0",
      "resolved": "https://registry.npmjs.org/react/-/react-19.2.0.tgz",
      "integrity": "sha512-tmbWg6W31tQLeB5cdIBOicJDJRR2KzXsV7uSK9iNfLWQ5bIZfxuPEHp7M8wiHyHnn0DD1i7w3Zmin0FtkrwoCQ==",
      "license": "MIT",
      "peer": true,
      "engines": {
        "node": ">=0.10.0"
      }
    },
    "node_modules/react-dom": {
      "version": "19.2.0",
      "resolved": "https://registry.npmjs.org/react-dom/-/react-dom-19.2.0.tgz",
      "integrity": "sha512-UlbRu4cAiGaIewkPyiRGJk0imDN2T3JjieT6spoL2UeSf5od4n5LB/mQ4ejmxhCFT1tYe8IvaFulzynWovsEFQ==",
      "license": "MIT",
      "peer": true,
      "dependencies": {
        "scheduler": "^0.27.0"
      },
      "peerDependencies": {
        "react": "^19.2.0"
      }
    },
    "node_modules/scheduler": {
      "version": "0.27.0",
      "resolved": "https://registry.npmjs.org/scheduler/-/scheduler-0.27.0.tgz",
      "integrity": "sha512-eNv+WrVbKu1f3vbYJT/xtiF5syA5HPIMtf9IgY/nKg0sWqzAUEvqY/xm7OcZc/qafLx/iO9FgOmeSAp4v5ti/Q==",
      "license": "MIT"
    }
  }
}
